// !$*UTF8*$!
{
	archiveVersion = 1;
	classes = {
	};
	objectVersion = 56;
	objects = {

/* Begin PBXBuildFile section */
		C00592AB2973291000051974 /* stayfocusedApp.swift in Sources */ = {isa = PBXBuildFile; fileRef = C00592AA2973291000051974 /* stayfocusedApp.swift */; };
		C00592AD2973291000051974 /* ContentView.swift in Sources */ = {isa = PBXBuildFile; fileRef = C00592AC2973291000051974 /* ContentView.swift */; };
		C00592AF2973291100051974 /* Assets.xcassets in Resources */ = {isa = PBXBuildFile; fileRef = C00592AE2973291100051974 /* Assets.xcassets */; };
		C00592B22973291100051974 /* Preview Assets.xcassets in Resources */ = {isa = PBXBuildFile; fileRef = C00592B12973291100051974 /* Preview Assets.xcassets */; };
		C00592BC2973291100051974 /* stayfocusedTests.swift in Sources */ = {isa = PBXBuildFile; fileRef = C00592BB2973291100051974 /* stayfocusedTests.swift */; };
		C00592C62973291100051974 /* stayfocusedUITests.swift in Sources */ = {isa = PBXBuildFile; fileRef = C00592C52973291100051974 /* stayfocusedUITests.swift */; };
		C00592C82973291100051974 /* stayfocusedUITestsLaunchTests.swift in Sources */ = {isa = PBXBuildFile; fileRef = C00592C72973291100051974 /* stayfocusedUITestsLaunchTests.swift */; };
/* End PBXBuildFile section */

/* Begin PBXContainerItemProxy section */
		C00592B82973291100051974 /* PBXContainerItemProxy */ = {
			isa = PBXContainerItemProxy;
			containerPortal = C005929F2973291000051974 /* Project object */;
			proxyType = 1;
			remoteGlobalIDString = C00592A62973291000051974;
			remoteInfo = stayfocused;
		};
		C00592C22973291100051974 /* PBXContainerItemProxy */ = {
			isa = PBXContainerItemProxy;
			containerPortal = C005929F2973291000051974 /* Project object */;
			proxyType = 1;
			remoteGlobalIDString = C00592A62973291000051974;
			remoteInfo = stayfocused;
		};
/* End PBXContainerItemProxy section */

/* Begin PBXFileReference section */
		C00592A72973291000051974 /* stayfocused.app */ = {isa = PBXFileReference; explicitFileType = wrapper.application; includeInIndex = 0; path = stayfocused.app; sourceTree = BUILT_PRODUCTS_DIR; };
		C00592AA2973291000051974 /* stayfocusedApp.swift */ = {isa = PBXFileReference; lastKnownFileType = sourcecode.swift; path = stayfocusedApp.swift; sourceTree = "<group>"; };
		C00592AC2973291000051974 /* ContentView.swift */ = {isa = PBXFileReference; lastKnownFileType = sourcecode.swift; path = ContentView.swift; sourceTree = "<group>"; };
		C00592AE2973291100051974 /* Assets.xcassets */ = {isa = PBXFileReference; lastKnownFileType = folder.assetcatalog; path = Assets.xcassets; sourceTree = "<group>"; };
		C00592B12973291100051974 /* Preview Assets.xcassets */ = {isa = PBXFileReference; lastKnownFileType = folder.assetcatalog; path = "Preview Assets.xcassets"; sourceTree = "<group>"; };
		C00592B72973291100051974 /* stayfocusedTests.xctest */ = {isa = PBXFileReference; explicitFileType = wrapper.cfbundle; includeInIndex = 0; path = stayfocusedTests.xctest; sourceTree = BUILT_PRODUCTS_DIR; };
		C00592BB2973291100051974 /* stayfocusedTests.swift */ = {isa = PBXFileReference; lastKnownFileType = sourcecode.swift; path = stayfocusedTests.swift; sourceTree = "<group>"; };
		C00592C12973291100051974 /* stayfocusedUITests.xctest */ = {isa = PBXFileReference; explicitFileType = wrapper.cfbundle; includeInIndex = 0; path = stayfocusedUITests.xctest; sourceTree = BUILT_PRODUCTS_DIR; };
		C00592C52973291100051974 /* stayfocusedUITests.swift */ = {isa = PBXFileReference; lastKnownFileType = sourcecode.swift; path = stayfocusedUITests.swift; sourceTree = "<group>"; };
		C00592C72973291100051974 /* stayfocusedUITestsLaunchTests.swift */ = {isa = PBXFileReference; lastKnownFileType = sourcecode.swift; path = stayfocusedUITestsLaunchTests.swift; sourceTree = "<group>"; };
/* End PBXFileReference section */

/* Begin PBXFrameworksBuildPhase section */
		C00592A42973291000051974 /* Frameworks */ = {
			isa = PBXFrameworksBuildPhase;
			buildActionMask = 2147483647;
			files = (
			);
			runOnlyForDeploymentPostprocessing = 0;
		};
		C00592B42973291100051974 /* Frameworks */ = {
			isa = PBXFrameworksBuildPhase;
			buildActionMask = 2147483647;
			files = (
			);
			runOnlyForDeploymentPostprocessing = 0;
		};
		C00592BE2973291100051974 /* Frameworks */ = {
			isa = PBXFrameworksBuildPhase;
			buildActionMask = 2147483647;
			files = (
			);
			runOnlyForDeploymentPostprocessing = 0;
		};
/* End PBXFrameworksBuildPhase section */

/* Begin PBXGroup section */
		C005929E2973291000051974 = {
			isa = PBXGroup;
			children = (
				C00592A92973291000051974 /* stayfocused */,
				C00592BA2973291100051974 /* stayfocusedTests */,
				C00592C42973291100051974 /* stayfocusedUITests */,
				C00592A82973291000051974 /* Products */,
			);
			sourceTree = "<group>";
		};
		C00592A82973291000051974 /* Products */ = {
			isa = PBXGroup;
			children = (
				C00592A72973291000051974 /* stayfocused.app */,
				C00592B72973291100051974 /* stayfocusedTests.xctest */,
				C00592C12973291100051974 /* stayfocusedUITests.xctest */,
			);
			name = Products;
			sourceTree = "<group>";
		};
		C00592A92973291000051974 /* stayfocused */ = {
			isa = PBXGroup;
			children = (
				C00592AA2973291000051974 /* stayfocusedApp.swift */,
				C00592AC2973291000051974 /* ContentView.swift */,
				C00592AE2973291100051974 /* Assets.xcassets */,
				C00592B02973291100051974 /* Preview Content */,
			);
			path = stayfocused;
			sourceTree = "<group>";
		};
		C00592B02973291100051974 /* Preview Content */ = {
			isa = PBXGroup;
			children = (
				C00592B12973291100051974 /* Preview Assets.xcassets */,
			);
			path = "Preview Content";
			sourceTree = "<group>";
		};
		C00592BA2973291100051974 /* stayfocusedTests */ = {
			isa = PBXGroup;
			children = (
				C00592BB2973291100051974 /* stayfocusedTests.swift */,
			);
			path = stayfocusedTests;
			sourceTree = "<group>";
		};
		C00592C42973291100051974 /* stayfocusedUITests */ = {
			isa = PBXGroup;
			children = (
				C00592C52973291100051974 /* stayfocusedUITests.swift */,
				C00592C72973291100051974 /* stayfocusedUITestsLaunchTests.swift */,
			);
			path = stayfocusedUITests;
			sourceTree = "<group>";
		};
/* End PBXGroup section */

/* Begin PBXNativeTarget section */
		C00592A62973291000051974 /* stayfocused */ = {
			isa = PBXNativeTarget;
			buildConfigurationList = C00592CB2973291100051974 /* Build configuration list for PBXNativeTarget "stayfocused" */;
			buildPhases = (
				C00592A32973291000051974 /* Sources */,
				C00592A42973291000051974 /* Frameworks */,
				C00592A52973291000051974 /* Resources */,
			);
			buildRules = (
			);
			dependencies = (
			);
			name = stayfocused;
			productName = stayfocused;
			productReference = C00592A72973291000051974 /* stayfocused.app */;
			productType = "com.apple.product-type.application";
		};
		C00592B62973291100051974 /* stayfocusedTests */ = {
			isa = PBXNativeTarget;
			buildConfigurationList = C00592CE2973291100051974 /* Build configuration list for PBXNativeTarget "stayfocusedTests" */;
			buildPhases = (
				C00592B32973291100051974 /* Sources */,
				C00592B42973291100051974 /* Frameworks */,
				C00592B52973291100051974 /* Resources */,
			);
			buildRules = (
			);
			dependencies = (
				C00592B92973291100051974 /* PBXTargetDependency */,
			);
			name = stayfocusedTests;
			productName = stayfocusedTests;
			productReference = C00592B72973291100051974 /* stayfocusedTests.xctest */;
			productType = "com.apple.product-type.bundle.unit-test";
		};
		C00592C02973291100051974 /* stayfocusedUITests */ = {
			isa = PBXNativeTarget;
			buildConfigurationList = C00592D12973291100051974 /* Build configuration list for PBXNativeTarget "stayfocusedUITests" */;
			buildPhases = (
				C00592BD2973291100051974 /* Sources */,
				C00592BE2973291100051974 /* Frameworks */,
				C00592BF2973291100051974 /* Resources */,
			);
			buildRules = (
			);
			dependencies = (
				C00592C32973291100051974 /* PBXTargetDependency */,
			);
			name = stayfocusedUITests;
			productName = stayfocusedUITests;
			productReference = C00592C12973291100051974 /* stayfocusedUITests.xctest */;
			productType = "com.apple.product-type.bundle.ui-testing";
		};
/* End PBXNativeTarget section */

/* Begin PBXProject section */
		C005929F2973291000051974 /* Project object */ = {
			isa = PBXProject;
			attributes = {
				BuildIndependentTargetsInParallel = 1;
				LastSwiftUpdateCheck = 1420;
				LastUpgradeCheck = 1420;
				TargetAttributes = {
					C00592A62973291000051974 = {
						CreatedOnToolsVersion = 14.2;
					};
					C00592B62973291100051974 = {
						CreatedOnToolsVersion = 14.2;
						TestTargetID = C00592A62973291000051974;
					};
					C00592C02973291100051974 = {
						CreatedOnToolsVersion = 14.2;
						TestTargetID = C00592A62973291000051974;
					};
				};
			};
			buildConfigurationList = C00592A22973291000051974 /* Build configuration list for PBXProject "stayfocused" */;
			compatibilityVersion = "Xcode 14.0";
			developmentRegion = en;
			hasScannedForEncodings = 0;
			knownRegions = (
				en,
				Base,
			);
			mainGroup = C005929E2973291000051974;
			productRefGroup = C00592A82973291000051974 /* Products */;
			projectDirPath = "";
			projectRoot = "";
			targets = (
				C00592A62973291000051974 /* stayfocused */,
				C00592B62973291100051974 /* stayfocusedTests */,
				C00592C02973291100051974 /* stayfocusedUITests */,
			);
		};
/* End PBXProject section */

/* Begin PBXResourcesBuildPhase section */
		C00592A52973291000051974 /* Resources */ = {
			isa = PBXResourcesBuildPhase;
			buildActionMask = 2147483647;
			files = (
				C00592B22973291100051974 /* Preview Assets.xcassets in Resources */,
				C00592AF2973291100051974 /* Assets.xcassets in Resources */,
			);
			runOnlyForDeploymentPostprocessing = 0;
		};
		C00592B52973291100051974 /* Resources */ = {
			isa = PBXResourcesBuildPhase;
			buildActionMask = 2147483647;
			files = (
			);
			runOnlyForDeploymentPostprocessing = 0;
		};
		C00592BF2973291100051974 /* Resources */ = {
			isa = PBXResourcesBuildPhase;
			buildActionMask = 2147483647;
			files = (
			);
			runOnlyForDeploymentPostprocessing = 0;
		};
/* End PBXResourcesBuildPhase section */

/* Begin PBXSourcesBuildPhase section */
		C00592A32973291000051974 /* Sources */ = {
			isa = PBXSourcesBuildPhase;
			buildActionMask = 2147483647;
			files = (
				C00592AD2973291000051974 /* ContentView.swift in Sources */,
				C00592AB2973291000051974 /* stayfocusedApp.swift in Sources */,
			);
			runOnlyForDeploymentPostprocessing = 0;
		};
		C00592B32973291100051974 /* Sources */ = {
			isa = PBXSourcesBuildPhase;
			buildActionMask = 2147483647;
			files = (
				C00592BC2973291100051974 /* stayfocusedTests.swift in Sources */,
			);
			runOnlyForDeploymentPostprocessing = 0;
		};
		C00592BD2973291100051974 /* Sources */ = {
			isa = PBXSourcesBuildPhase;
			buildActionMask = 2147483647;
			files = (
				C00592C62973291100051974 /* stayfocusedUITests.swift in Sources */,
				C00592C82973291100051974 /* stayfocusedUITestsLaunchTests.swift in Sources */,
			);
			runOnlyForDeploymentPostprocessing = 0;
		};
/* End PBXSourcesBuildPhase section */

/* Begin PBXTargetDependency section */
		C00592B92973291100051974 /* PBXTargetDependency */ = {
			isa = PBXTargetDependency;
			target = C00592A62973291000051974 /* stayfocused */;
			targetProxy = C00592B82973291100051974 /* PBXContainerItemProxy */;
		};
		C00592C32973291100051974 /* PBXTargetDependency */ = {
			isa = PBXTargetDependency;
			target = C00592A62973291000051974 /* stayfocused */;
			targetProxy = C00592C22973291100051974 /* PBXContainerItemProxy */;
		};
/* End PBXTargetDependency section */

/* Begin XCBuildConfiguration section */
		C00592C92973291100051974 /* Debug */ = {
			isa = XCBuildConfiguration;
			buildSettings = {
				ALWAYS_SEARCH_USER_PATHS = NO;
				CLANG_ANALYZER_NONNULL = YES;
				CLANG_ANALYZER_NUMBER_OBJECT_CONVERSION = YES_AGGRESSIVE;
				CLANG_CXX_LANGUAGE_STANDARD = "gnu++20";
				CLANG_ENABLE_MODULES = YES;
				CLANG_ENABLE_OBJC_ARC = YES;
				CLANG_ENABLE_OBJC_WEAK = YES;
				CLANG_WARN_BLOCK_CAPTURE_AUTORELEASING = YES;
				CLANG_WARN_BOOL_CONVERSION = YES;
				CLANG_WARN_COMMA = YES;
				CLANG_WARN_CONSTANT_CONVERSION = YES;
				CLANG_WARN_DEPRECATED_OBJC_IMPLEMENTATIONS = YES;
				CLANG_WARN_DIRECT_OBJC_ISA_USAGE = YES_ERROR;
				CLANG_WARN_DOCUMENTATION_COMMENTS = YES;
				CLANG_WARN_EMPTY_BODY = YES;
				CLANG_WARN_ENUM_CONVERSION = YES;
				CLANG_WARN_INFINITE_RECURSION = YES;
				CLANG_WARN_INT_CONVERSION = YES;
				CLANG_WARN_NON_LITERAL_NULL_CONVERSION = YES;
				CLANG_WARN_OBJC_IMPLICIT_RETAIN_SELF = YES;
				CLANG_WARN_OBJC_LITERAL_CONVERSION = YES;
				CLANG_WARN_OBJC_ROOT_CLASS = YES_ERROR;
				CLANG_WARN_QUOTED_INCLUDE_IN_FRAMEWORK_HEADER = YES;
				CLANG_WARN_RANGE_LOOP_ANALYSIS = YES;
				CLANG_WARN_STRICT_PROTOTYPES = YES;
				CLANG_WARN_SUSPICIOUS_MOVE = YES;
				CLANG_WARN_UNGUARDED_AVAILABILITY = YES_AGGRESSIVE;
				CLANG_WARN_UNREACHABLE_CODE = YES;
				CLANG_WARN__DUPLICATE_METHOD_MATCH = YES;
				COPY_PHASE_STRIP = NO;
				DEBUG_INFORMATION_FORMAT = dwarf;
				ENABLE_STRICT_OBJC_MSGSEND = YES;
				ENABLE_TESTABILITY = YES;
				GCC_C_LANGUAGE_STANDARD = gnu11;
				GCC_DYNAMIC_NO_PIC = NO;
				GCC_NO_COMMON_BLOCKS = YES;
				GCC_OPTIMIZATION_LEVEL = 0;
				GCC_PREPROCESSOR_DEFINITIONS = (
					"DEBUG=1",
					"$(inherited)",
				);
				GCC_WARN_64_TO_32_BIT_CONVERSION = YES;
				GCC_WARN_ABOUT_RETURN_TYPE = YES_ERROR;
				GCC_WARN_UNDECLARED_SELECTOR = YES;
				GCC_WARN_UNINITIALIZED_AUTOS = YES_AGGRESSIVE;
				GCC_WARN_UNUSED_FUNCTION = YES;
				GCC_WARN_UNUSED_VARIABLE = YES;
				IPHONEOS_DEPLOYMENT_TARGET = 16.2;
				MTL_ENABLE_DEBUG_INFO = INCLUDE_SOURCE;
				MTL_FAST_MATH = YES;
				ONLY_ACTIVE_ARCH = YES;
				SDKROOT = iphoneos;
				SWIFT_ACTIVE_COMPILATION_CONDITIONS = DEBUG;
				SWIFT_OPTIMIZATION_LEVEL = "-Onone";
			};
			name = Debug;
		};
		C00592CA2973291100051974 /* Release */ = {
			isa = XCBuildConfiguration;
			buildSettings = {
				ALWAYS_SEARCH_USER_PATHS = NO;
				CLANG_ANALYZER_NONNULL = YES;
				CLANG_ANALYZER_NUMBER_OBJECT_CONVERSION = YES_AGGRESSIVE;
				CLANG_CXX_LANGUAGE_STANDARD = "gnu++20";
				CLANG_ENABLE_MODULES = YES;
				CLANG_ENABLE_OBJC_ARC = YES;
				CLANG_ENABLE_OBJC_WEAK = YES;
				CLANG_WARN_BLOCK_CAPTURE_AUTORELEASING = YES;
				CLANG_WARN_BOOL_CONVERSION = YES;
				CLANG_WARN_COMMA = YES;
				CLANG_WARN_CONSTANT_CONVERSION = YES;
				CLANG_WARN_DEPRECATED_OBJC_IMPLEMENTATIONS = YES;
				CLANG_WARN_DIRECT_OBJC_ISA_USAGE = YES_ERROR;
				CLANG_WARN_DOCUMENTATION_COMMENTS = YES;
				CLANG_WARN_EMPTY_BODY = YES;
				CLANG_WARN_ENUM_CONVERSION = YES;
				CLANG_WARN_INFINITE_RECURSION = YES;
				CLANG_WARN_INT_CONVERSION = YES;
				CLANG_WARN_NON_LITERAL_NULL_CONVERSION = YES;
				CLANG_WARN_OBJC_IMPLICIT_RETAIN_SELF = YES;
				CLANG_WARN_OBJC_LITERAL_CONVERSION = YES;
				CLANG_WARN_OBJC_ROOT_CLASS = YES_ERROR;
				CLANG_WARN_QUOTED_INCLUDE_IN_FRAMEWORK_HEADER = YES;
				CLANG_WARN_RANGE_LOOP_ANALYSIS = YES;
				CLANG_WARN_STRICT_PROTOTYPES = YES;
				CLANG_WARN_SUSPICIOUS_MOVE = YES;
				CLANG_WARN_UNGUARDED_AVAILABILITY = YES_AGGRESSIVE;
				CLANG_WARN_UNREACHABLE_CODE = YES;
				CLANG_WARN__DUPLICATE_METHOD_MATCH = YES;
				COPY_PHASE_STRIP = NO;
				DEBUG_INFORMATION_FORMAT = "dwarf-with-dsym";
				ENABLE_NS_ASSERTIONS = NO;
				ENABLE_STRICT_OBJC_MSGSEND = YES;
				GCC_C_LANGUAGE_STANDARD = gnu11;
				GCC_NO_COMMON_BLOCKS = YES;
				GCC_WARN_64_TO_32_BIT_CONVERSION = YES;
				GCC_WARN_ABOUT_RETURN_TYPE = YES_ERROR;
				GCC_WARN_UNDECLARED_SELECTOR = YES;
				GCC_WARN_UNINITIALIZED_AUTOS = YES_AGGRESSIVE;
				GCC_WARN_UNUSED_FUNCTION = YES;
				GCC_WARN_UNUSED_VARIABLE = YES;
				IPHONEOS_DEPLOYMENT_TARGET = 16.2;
				MTL_ENABLE_DEBUG_INFO = NO;
				MTL_FAST_MATH = YES;
				SDKROOT = iphoneos;
				SWIFT_COMPILATION_MODE = wholemodule;
				SWIFT_OPTIMIZATION_LEVEL = "-O";
				VALIDATE_PRODUCT = YES;
			};
			name = Release;
		};
		C00592CC2973291100051974 /* Debug */ = {
			isa = XCBuildConfiguration;
			buildSettings = {
				ASSETCATALOG_COMPILER_APPICON_NAME = AppIcon;
				ASSETCATALOG_COMPILER_GLOBAL_ACCENT_COLOR_NAME = AccentColor;
				CODE_SIGN_STYLE = Automatic;
				CURRENT_PROJECT_VERSION = 1;
				DEVELOPMENT_ASSET_PATHS = "\"stayfocused/Preview Content\"";
				DEVELOPMENT_TEAM = A6BB767LN4;
				ENABLE_PREVIEWS = YES;
				GENERATE_INFOPLIST_FILE = YES;
				INFOPLIST_KEY_UIApplicationSceneManifest_Generation = YES;
				INFOPLIST_KEY_UIApplicationSupportsIndirectInputEvents = YES;
				INFOPLIST_KEY_UILaunchScreen_Generation = YES;
				INFOPLIST_KEY_UISupportedInterfaceOrientations_iPad = "UIInterfaceOrientationPortrait UIInterfaceOrientationPortraitUpsideDown UIInterfaceOrientationLandscapeLeft UIInterfaceOrientationLandscapeRight";
				INFOPLIST_KEY_UISupportedInterfaceOrientations_iPhone = "UIInterfaceOrientationPortrait UIInterfaceOrientationLandscapeLeft UIInterfaceOrientationLandscapeRight";
				LD_RUNPATH_SEARCH_PATHS = (
					"$(inherited)",
					"@executable_path/Frameworks",
				);
				MARKETING_VERSION = 1.0;
				PRODUCT_BUNDLE_IDENTIFIER = Sarah.stayfocused;
				PRODUCT_NAME = "$(TARGET_NAME)";
				SWIFT_EMIT_LOC_STRINGS = YES;
				SWIFT_VERSION = 5.0;
				TARGETED_DEVICE_FAMILY = "1,2";
			};
			name = Debug;
		};
		C00592CD2973291100051974 /* Release */ = {
			isa = XCBuildConfiguration;
			buildSettings = {
				ASSETCATALOG_COMPILER_APPICON_NAME = AppIcon;
				ASSETCATALOG_COMPILER_GLOBAL_ACCENT_COLOR_NAME = AccentColor;
				CODE_SIGN_STYLE = Automatic;
				CURRENT_PROJECT_VERSION = 1;
				DEVELOPMENT_ASSET_PATHS = "\"stayfocused/Preview Content\"";
				DEVELOPMENT_TEAM = A6BB767LN4;
				ENABLE_PREVIEWS = YES;
				GENERATE_INFOPLIST_FILE = YES;
				INFOPLIST_KEY_UIApplicationSceneManifest_Generation = YES;
				INFOPLIST_KEY_UIApplicationSupportsIndirectInputEvents = YES;
				INFOPLIST_KEY_UILaunchScreen_Generation = YES;
				INFOPLIST_KEY_UISupportedInterfaceOrientations_iPad = "UIInterfaceOrientationPortrait UIInterfaceOrientationPortraitUpsideDown UIInterfaceOrientationLandscapeLeft UIInterfaceOrientationLandscapeRight";
				INFOPLIST_KEY_UISupportedInterfaceOrientations_iPhone = "UIInterfaceOrientationPortrait UIInterfaceOrientationLandscapeLeft UIInterfaceOrientationLandscapeRight";
				LD_RUNPATH_SEARCH_PATHS = (
					"$(inherited)",
					"@executable_path/Frameworks",
				);
				MARKETING_VERSION = 1.0;
				PRODUCT_BUNDLE_IDENTIFIER = Sarah.stayfocused;
				PRODUCT_NAME = "$(TARGET_NAME)";
				SWIFT_EMIT_LOC_STRINGS = YES;
				SWIFT_VERSION = 5.0;
				TARGETED_DEVICE_FAMILY = "1,2";
			};
			name = Release;
		};
		C00592CF2973291100051974 /* Debug */ = {
			isa = XCBuildConfiguration;
			buildSettings = {
				ALWAYS_EMBED_SWIFT_STANDARD_LIBRARIES = YES;
				BUNDLE_LOADER = "$(TEST_HOST)";
				CODE_SIGN_STYLE = Automatic;
				CURRENT_PROJECT_VERSION = 1;
				DEVELOPMENT_TEAM = A6BB767LN4;
				GENERATE_INFOPLIST_FILE = YES;
				IPHONEOS_DEPLOYMENT_TARGET = 16.2;
				MARKETING_VERSION = 1.0;
				PRODUCT_BUNDLE_IDENTIFIER = Sarah.stayfocusedTests;
				PRODUCT_NAME = "$(TARGET_NAME)";
				SWIFT_EMIT_LOC_STRINGS = NO;
				SWIFT_VERSION = 5.0;
				TARGETED_DEVICE_FAMILY = "1,2";
				TEST_HOST = "$(BUILT_PRODUCTS_DIR)/stayfocused.app/$(BUNDLE_EXECUTABLE_FOLDER_PATH)/stayfocused";
			};
			name = Debug;
		};
		C00592D02973291100051974 /* Release */ = {
			isa = XCBuildConfiguration;
			buildSettings = {
				ALWAYS_EMBED_SWIFT_STANDARD_LIBRARIES = YES;
				BUNDLE_LOADER = "$(TEST_HOST)";
				CODE_SIGN_STYLE = Automatic;
				CURRENT_PROJECT_VERSION = 1;
				DEVELOPMENT_TEAM = A6BB767LN4;
				GENERATE_INFOPLIST_FILE = YES;
				IPHONEOS_DEPLOYMENT_TARGET = 16.2;
				MARKETING_VERSION = 1.0;
				PRODUCT_BUNDLE_IDENTIFIER = Sarah.stayfocusedTests;
				PRODUCT_NAME = "$(TARGET_NAME)";
				SWIFT_EMIT_LOC_STRINGS = NO;
				SWIFT_VERSION = 5.0;
				TARGETED_DEVICE_FAMILY = "1,2";
				TEST_HOST = "$(BUILT_PRODUCTS_DIR)/stayfocused.app/$(BUNDLE_EXECUTABLE_FOLDER_PATH)/stayfocused";
			};
			name = Release;
		};
		C00592D22973291100051974 /* Debug */ = {
			isa = XCBuildConfiguration;
			buildSettings = {
				ALWAYS_EMBED_SWIFT_STANDARD_LIBRARIES = YES;
				CODE_SIGN_STYLE = Automatic;
				CURRENT_PROJECT_VERSION = 1;
				DEVELOPMENT_TEAM = A6BB767LN4;
				GENERATE_INFOPLIST_FILE = YES;
				MARKETING_VERSION = 1.0;
				PRODUCT_BUNDLE_IDENTIFIER = Sarah.stayfocusedUITests;
				PRODUCT_NAME = "$(TARGET_NAME)";
				SWIFT_EMIT_LOC_STRINGS = NO;
				SWIFT_VERSION = 5.0;
				TARGETED_DEVICE_FAMILY = "1,2";
				TEST_TARGET_NAME = stayfocused;
			};
			name = Debug;
		};
		C00592D32973291100051974 /* Release */ = {
			isa = XCBuildConfiguration;
			buildSettings = {
				ALWAYS_EMBED_SWIFT_STANDARD_LIBRARIES = YES;
				CODE_SIGN_STYLE = Automatic;
				CURRENT_PROJECT_VERSION = 1;
				DEVELOPMENT_TEAM = A6BB767LN4;
				GENERATE_INFOPLIST_FILE = YES;
				MARKETING_VERSION = 1.0;
				PRODUCT_BUNDLE_IDENTIFIER = Sarah.stayfocusedUITests;
				PRODUCT_NAME = "$(TARGET_NAME)";
				SWIFT_EMIT_LOC_STRINGS = NO;
				SWIFT_VERSION = 5.0;
				TARGETED_DEVICE_FAMILY = "1,2";
				TEST_TARGET_NAME = stayfocused;
			};
			name = Release;
		};
/* End XCBuildConfiguration section */

/* Begin XCConfigurationList section */
		C00592A22973291000051974 /* Build configuration list for PBXProject "stayfocused" */ = {
			isa = XCConfigurationList;
			buildConfigurations = (
				C00592C92973291100051974 /* Debug */,
				C00592CA2973291100051974 /* Release */,
			);
			defaultConfigurationIsVisible = 0;
			defaultConfigurationName = Release;
		};
		C00592CB2973291100051974 /* Build configuration list for PBXNativeTarget "stayfocused" */ = {
			isa = XCConfigurationList;
			buildConfigurations = (
				C00592CC2973291100051974 /* Debug */,
				C00592CD2973291100051974 /* Release */,
			);
			defaultConfigurationIsVisible = 0;
			defaultConfigurationName = Release;
		};
		C00592CE2973291100051974 /* Build configuration list for PBXNativeTarget "stayfocusedTests" */ = {
			isa = XCConfigurationList;
			buildConfigurations = (
				C00592CF2973291100051974 /* Debug */,
				C00592D02973291100051974 /* Release */,
			);
			defaultConfigurationIsVisible = 0;
			defaultConfigurationName = Release;
		};
		C00592D12973291100051974 /* Build configuration list for PBXNativeTarget "stayfocusedUITests" */ = {
			isa = XCConfigurationList;
			buildConfigurations = (
				C00592D22973291100051974 /* Debug */,
				C00592D32973291100051974 /* Release */,
			);
			defaultConfigurationIsVisible = 0;
			defaultConfigurationName = Release;
		};
/* End XCConfigurationList section */
	};
	rootObject = C005929F2973291000051974 /* Project object */;
}
